// !$*UTF8*$!
{
	archiveVersion = 1;
	classes = {
	};
	objectVersion = 46;
	objects = {

/* Begin PBXBuildFile section */
		806E699C1C42BD9C00DE3A8B /* Rswift.framework in Frameworks */ = {isa = PBXBuildFile; fileRef = 806E69921C42BD9C00DE3A8B /* Rswift.framework */; };
		806E69BC1C42BDE300DE3A8B /* RswiftTests.swift in Sources */ = {isa = PBXBuildFile; fileRef = D592465D1C117A55007F94C7 /* RswiftTests.swift */; };
		C391D8221CE7C2B500B2C2FD /* ColorResource+UIKit.swift in Sources */ = {isa = PBXBuildFile; fileRef = C391D8151CE7C2B500B2C2FD /* ColorResource+UIKit.swift */; };
		C391D8231CE7C2B500B2C2FD /* NibResource+UIKit.swift in Sources */ = {isa = PBXBuildFile; fileRef = C391D8161CE7C2B500B2C2FD /* NibResource+UIKit.swift */; };
		C391D8241CE7C2B500B2C2FD /* StoryboardResourceWithInitialController+UIKit.swift in Sources */ = {isa = PBXBuildFile; fileRef = C391D8171CE7C2B500B2C2FD /* StoryboardResourceWithInitialController+UIKit.swift */; };
		C391D8251CE7C2B500B2C2FD /* TypedStoryboardSegueInfo+UIStoryboardSegue.swift in Sources */ = {isa = PBXBuildFile; fileRef = C391D8181CE7C2B500B2C2FD /* TypedStoryboardSegueInfo+UIStoryboardSegue.swift */; };
		C391D8261CE7C2B500B2C2FD /* UICollectionView+ReuseIdentifierProtocol.swift in Sources */ = {isa = PBXBuildFile; fileRef = C391D8191CE7C2B500B2C2FD /* UICollectionView+ReuseIdentifierProtocol.swift */; };
		C391D8271CE7C2B500B2C2FD /* UIFont+FontResource.swift in Sources */ = {isa = PBXBuildFile; fileRef = C391D81A1CE7C2B500B2C2FD /* UIFont+FontResource.swift */; };
		C391D8281CE7C2B500B2C2FD /* UIImage+ImageResource.swift in Sources */ = {isa = PBXBuildFile; fileRef = C391D81B1CE7C2B500B2C2FD /* UIImage+ImageResource.swift */; };
		C391D8291CE7C2B500B2C2FD /* UINib+NibResource.swift in Sources */ = {isa = PBXBuildFile; fileRef = C391D81C1CE7C2B500B2C2FD /* UINib+NibResource.swift */; };
		C391D82A1CE7C2B500B2C2FD /* UIStoryboard+StoryboardResource.swift in Sources */ = {isa = PBXBuildFile; fileRef = C391D81D1CE7C2B500B2C2FD /* UIStoryboard+StoryboardResource.swift */; };
		C391D82B1CE7C2B500B2C2FD /* UIStoryboard+StoryboardViewControllerResource.swift in Sources */ = {isa = PBXBuildFile; fileRef = C391D81E1CE7C2B500B2C2FD /* UIStoryboard+StoryboardViewControllerResource.swift */; };
		C391D82C1CE7C2B500B2C2FD /* UITableView+ReuseIdentifierProtocol.swift in Sources */ = {isa = PBXBuildFile; fileRef = C391D81F1CE7C2B500B2C2FD /* UITableView+ReuseIdentifierProtocol.swift */; };
		C391D82D1CE7C2B500B2C2FD /* UIViewController+NibResource.swift in Sources */ = {isa = PBXBuildFile; fileRef = C391D8201CE7C2B500B2C2FD /* UIViewController+NibResource.swift */; };
		C391D82E1CE7C2B500B2C2FD /* UIViewController+StoryboardSegueIdentifierProtocol.swift in Sources */ = {isa = PBXBuildFile; fileRef = C391D8211CE7C2B500B2C2FD /* UIViewController+StoryboardSegueIdentifierProtocol.swift */; };
		C391D82F1CE7C2BF00B2C2FD /* ColorResource+UIKit.swift in Sources */ = {isa = PBXBuildFile; fileRef = C391D8151CE7C2B500B2C2FD /* ColorResource+UIKit.swift */; };
		C391D8301CE7C2BF00B2C2FD /* NibResource+UIKit.swift in Sources */ = {isa = PBXBuildFile; fileRef = C391D8161CE7C2B500B2C2FD /* NibResource+UIKit.swift */; };
		C391D8311CE7C2BF00B2C2FD /* StoryboardResourceWithInitialController+UIKit.swift in Sources */ = {isa = PBXBuildFile; fileRef = C391D8171CE7C2B500B2C2FD /* StoryboardResourceWithInitialController+UIKit.swift */; };
		C391D8321CE7C2BF00B2C2FD /* TypedStoryboardSegueInfo+UIStoryboardSegue.swift in Sources */ = {isa = PBXBuildFile; fileRef = C391D8181CE7C2B500B2C2FD /* TypedStoryboardSegueInfo+UIStoryboardSegue.swift */; };
		C391D8331CE7C2BF00B2C2FD /* UICollectionView+ReuseIdentifierProtocol.swift in Sources */ = {isa = PBXBuildFile; fileRef = C391D8191CE7C2B500B2C2FD /* UICollectionView+ReuseIdentifierProtocol.swift */; };
		C391D8341CE7C2BF00B2C2FD /* UIFont+FontResource.swift in Sources */ = {isa = PBXBuildFile; fileRef = C391D81A1CE7C2B500B2C2FD /* UIFont+FontResource.swift */; };
		C391D8351CE7C2BF00B2C2FD /* UIImage+ImageResource.swift in Sources */ = {isa = PBXBuildFile; fileRef = C391D81B1CE7C2B500B2C2FD /* UIImage+ImageResource.swift */; };
		C391D8361CE7C2BF00B2C2FD /* UINib+NibResource.swift in Sources */ = {isa = PBXBuildFile; fileRef = C391D81C1CE7C2B500B2C2FD /* UINib+NibResource.swift */; };
		C391D8371CE7C2BF00B2C2FD /* UIStoryboard+StoryboardResource.swift in Sources */ = {isa = PBXBuildFile; fileRef = C391D81D1CE7C2B500B2C2FD /* UIStoryboard+StoryboardResource.swift */; };
		C391D8381CE7C2BF00B2C2FD /* UIStoryboard+StoryboardViewControllerResource.swift in Sources */ = {isa = PBXBuildFile; fileRef = C391D81E1CE7C2B500B2C2FD /* UIStoryboard+StoryboardViewControllerResource.swift */; };
		C391D8391CE7C2BF00B2C2FD /* UITableView+ReuseIdentifierProtocol.swift in Sources */ = {isa = PBXBuildFile; fileRef = C391D81F1CE7C2B500B2C2FD /* UITableView+ReuseIdentifierProtocol.swift */; };
		C391D83A1CE7C2BF00B2C2FD /* UIViewController+NibResource.swift in Sources */ = {isa = PBXBuildFile; fileRef = C391D8201CE7C2B500B2C2FD /* UIViewController+NibResource.swift */; };
		C391D83B1CE7C2BF00B2C2FD /* UIViewController+StoryboardSegueIdentifierProtocol.swift in Sources */ = {isa = PBXBuildFile; fileRef = C391D8211CE7C2B500B2C2FD /* UIViewController+StoryboardSegueIdentifierProtocol.swift */; };
		C391D83E1CE7C2DF00B2C2FD /* UIImage-watchOS+ImageResource.swift in Sources */ = {isa = PBXBuildFile; fileRef = C391D83D1CE7C2DF00B2C2FD /* UIImage-watchOS+ImageResource.swift */; };
		C391D84C1CE7C32200B2C2FD /* ColorResource.swift in Sources */ = {isa = PBXBuildFile; fileRef = C391D8401CE7C32200B2C2FD /* ColorResource.swift */; };
		C391D84D1CE7C32200B2C2FD /* ColorResource.swift in Sources */ = {isa = PBXBuildFile; fileRef = C391D8401CE7C32200B2C2FD /* ColorResource.swift */; };
		C391D84E1CE7C32200B2C2FD /* ColorResource.swift in Sources */ = {isa = PBXBuildFile; fileRef = C391D8401CE7C32200B2C2FD /* ColorResource.swift */; };
		C391D84F1CE7C32200B2C2FD /* FileResource.swift in Sources */ = {isa = PBXBuildFile; fileRef = C391D8411CE7C32200B2C2FD /* FileResource.swift */; };
		C391D8501CE7C32200B2C2FD /* FileResource.swift in Sources */ = {isa = PBXBuildFile; fileRef = C391D8411CE7C32200B2C2FD /* FileResource.swift */; };
		C391D8511CE7C32200B2C2FD /* FileResource.swift in Sources */ = {isa = PBXBuildFile; fileRef = C391D8411CE7C32200B2C2FD /* FileResource.swift */; };
		C391D8521CE7C32200B2C2FD /* FontResource.swift in Sources */ = {isa = PBXBuildFile; fileRef = C391D8421CE7C32200B2C2FD /* FontResource.swift */; };
		C391D8531CE7C32200B2C2FD /* FontResource.swift in Sources */ = {isa = PBXBuildFile; fileRef = C391D8421CE7C32200B2C2FD /* FontResource.swift */; };
		C391D8541CE7C32200B2C2FD /* FontResource.swift in Sources */ = {isa = PBXBuildFile; fileRef = C391D8421CE7C32200B2C2FD /* FontResource.swift */; };
		C391D8551CE7C32200B2C2FD /* Identifier.swift in Sources */ = {isa = PBXBuildFile; fileRef = C391D8431CE7C32200B2C2FD /* Identifier.swift */; };
		C391D8561CE7C32200B2C2FD /* Identifier.swift in Sources */ = {isa = PBXBuildFile; fileRef = C391D8431CE7C32200B2C2FD /* Identifier.swift */; };
		C391D8571CE7C32200B2C2FD /* Identifier.swift in Sources */ = {isa = PBXBuildFile; fileRef = C391D8431CE7C32200B2C2FD /* Identifier.swift */; };
		C391D8581CE7C32200B2C2FD /* ImageResource.swift in Sources */ = {isa = PBXBuildFile; fileRef = C391D8441CE7C32200B2C2FD /* ImageResource.swift */; };
		C391D8591CE7C32200B2C2FD /* ImageResource.swift in Sources */ = {isa = PBXBuildFile; fileRef = C391D8441CE7C32200B2C2FD /* ImageResource.swift */; };
		C391D85A1CE7C32200B2C2FD /* ImageResource.swift in Sources */ = {isa = PBXBuildFile; fileRef = C391D8441CE7C32200B2C2FD /* ImageResource.swift */; };
		C391D85B1CE7C32200B2C2FD /* NibResource.swift in Sources */ = {isa = PBXBuildFile; fileRef = C391D8451CE7C32200B2C2FD /* NibResource.swift */; };
		C391D85C1CE7C32200B2C2FD /* NibResource.swift in Sources */ = {isa = PBXBuildFile; fileRef = C391D8451CE7C32200B2C2FD /* NibResource.swift */; };
		C391D85D1CE7C32200B2C2FD /* NibResource.swift in Sources */ = {isa = PBXBuildFile; fileRef = C391D8451CE7C32200B2C2FD /* NibResource.swift */; };
		C391D85E1CE7C32200B2C2FD /* ReuseIdentifierProtocol.swift in Sources */ = {isa = PBXBuildFile; fileRef = C391D8461CE7C32200B2C2FD /* ReuseIdentifierProtocol.swift */; };
		C391D85F1CE7C32200B2C2FD /* ReuseIdentifierProtocol.swift in Sources */ = {isa = PBXBuildFile; fileRef = C391D8461CE7C32200B2C2FD /* ReuseIdentifierProtocol.swift */; };
		C391D8601CE7C32200B2C2FD /* ReuseIdentifierProtocol.swift in Sources */ = {isa = PBXBuildFile; fileRef = C391D8461CE7C32200B2C2FD /* ReuseIdentifierProtocol.swift */; };
		C391D8611CE7C32200B2C2FD /* StoryboardResource.swift in Sources */ = {isa = PBXBuildFile; fileRef = C391D8471CE7C32200B2C2FD /* StoryboardResource.swift */; };
		C391D8621CE7C32200B2C2FD /* StoryboardResource.swift in Sources */ = {isa = PBXBuildFile; fileRef = C391D8471CE7C32200B2C2FD /* StoryboardResource.swift */; };
		C391D8631CE7C32200B2C2FD /* StoryboardResource.swift in Sources */ = {isa = PBXBuildFile; fileRef = C391D8471CE7C32200B2C2FD /* StoryboardResource.swift */; };
		C391D8641CE7C32200B2C2FD /* StoryboardSegueIdentifierProtocol.swift in Sources */ = {isa = PBXBuildFile; fileRef = C391D8481CE7C32200B2C2FD /* StoryboardSegueIdentifierProtocol.swift */; };
		C391D8651CE7C32200B2C2FD /* StoryboardSegueIdentifierProtocol.swift in Sources */ = {isa = PBXBuildFile; fileRef = C391D8481CE7C32200B2C2FD /* StoryboardSegueIdentifierProtocol.swift */; };
		C391D8661CE7C32200B2C2FD /* StoryboardSegueIdentifierProtocol.swift in Sources */ = {isa = PBXBuildFile; fileRef = C391D8481CE7C32200B2C2FD /* StoryboardSegueIdentifierProtocol.swift */; };
		C391D8671CE7C32200B2C2FD /* StoryboardViewControllerResource.swift in Sources */ = {isa = PBXBuildFile; fileRef = C391D8491CE7C32200B2C2FD /* StoryboardViewControllerResource.swift */; };
		C391D8681CE7C32200B2C2FD /* StoryboardViewControllerResource.swift in Sources */ = {isa = PBXBuildFile; fileRef = C391D8491CE7C32200B2C2FD /* StoryboardViewControllerResource.swift */; };
		C391D8691CE7C32200B2C2FD /* StoryboardViewControllerResource.swift in Sources */ = {isa = PBXBuildFile; fileRef = C391D8491CE7C32200B2C2FD /* StoryboardViewControllerResource.swift */; };
		C391D86A1CE7C32200B2C2FD /* StringResource.swift in Sources */ = {isa = PBXBuildFile; fileRef = C391D84A1CE7C32200B2C2FD /* StringResource.swift */; };
		C391D86B1CE7C32200B2C2FD /* StringResource.swift in Sources */ = {isa = PBXBuildFile; fileRef = C391D84A1CE7C32200B2C2FD /* StringResource.swift */; };
		C391D86C1CE7C32200B2C2FD /* StringResource.swift in Sources */ = {isa = PBXBuildFile; fileRef = C391D84A1CE7C32200B2C2FD /* StringResource.swift */; };
		C391D86D1CE7C32200B2C2FD /* Validatable.swift in Sources */ = {isa = PBXBuildFile; fileRef = C391D84B1CE7C32200B2C2FD /* Validatable.swift */; };
		C391D86E1CE7C32200B2C2FD /* Validatable.swift in Sources */ = {isa = PBXBuildFile; fileRef = C391D84B1CE7C32200B2C2FD /* Validatable.swift */; };
		C391D86F1CE7C32200B2C2FD /* Validatable.swift in Sources */ = {isa = PBXBuildFile; fileRef = C391D84B1CE7C32200B2C2FD /* Validatable.swift */; };
		C391D8731CE7C33300B2C2FD /* NSBundle+FileResource.swift in Sources */ = {isa = PBXBuildFile; fileRef = C391D8711CE7C33300B2C2FD /* NSBundle+FileResource.swift */; };
		C391D8741CE7C33300B2C2FD /* NSBundle+FileResource.swift in Sources */ = {isa = PBXBuildFile; fileRef = C391D8711CE7C33300B2C2FD /* NSBundle+FileResource.swift */; };
		C391D8751CE7C33300B2C2FD /* NSBundle+FileResource.swift in Sources */ = {isa = PBXBuildFile; fileRef = C391D8711CE7C33300B2C2FD /* NSBundle+FileResource.swift */; };
		C391D8761CE7C33300B2C2FD /* NSData+FileResource.swift in Sources */ = {isa = PBXBuildFile; fileRef = C391D8721CE7C33300B2C2FD /* NSData+FileResource.swift */; };
		C391D8771CE7C33300B2C2FD /* NSData+FileResource.swift in Sources */ = {isa = PBXBuildFile; fileRef = C391D8721CE7C33300B2C2FD /* NSData+FileResource.swift */; };
		C391D8781CE7C33300B2C2FD /* NSData+FileResource.swift in Sources */ = {isa = PBXBuildFile; fileRef = C391D8721CE7C33300B2C2FD /* NSData+FileResource.swift */; };
		C3E497F51CE7AB1000F63E47 /* rswift.library.h in Headers */ = {isa = PBXBuildFile; fileRef = C3E497F41CE7AB1000F63E47 /* rswift.library.h */; settings = {ATTRIBUTES = (Public, ); }; };
		D5728B341C4D542300E38168 /* Rswift.h in Headers */ = {isa = PBXBuildFile; fileRef = D59246511C117A55007F94C7 /* Rswift.h */; settings = {ATTRIBUTES = (Public, ); }; };
		D59246521C117A55007F94C7 /* Rswift.h in Headers */ = {isa = PBXBuildFile; fileRef = D59246511C117A55007F94C7 /* Rswift.h */; settings = {ATTRIBUTES = (Public, ); }; };
		D59246591C117A55007F94C7 /* Rswift.framework in Frameworks */ = {isa = PBXBuildFile; fileRef = D592464E1C117A55007F94C7 /* Rswift.framework */; };
		D592465E1C117A55007F94C7 /* RswiftTests.swift in Sources */ = {isa = PBXBuildFile; fileRef = D592465D1C117A55007F94C7 /* RswiftTests.swift */; };
/* End PBXBuildFile section */

/* Begin PBXContainerItemProxy section */
		806E699D1C42BD9C00DE3A8B /* PBXContainerItemProxy */ = {
			isa = PBXContainerItemProxy;
			containerPortal = D59246451C117A54007F94C7 /* Project object */;
			proxyType = 1;
			remoteGlobalIDString = 806E69911C42BD9C00DE3A8B;
			remoteInfo = "Rswift-tvOS";
		};
		D592465A1C117A55007F94C7 /* PBXContainerItemProxy */ = {
			isa = PBXContainerItemProxy;
			containerPortal = D59246451C117A54007F94C7 /* Project object */;
			proxyType = 1;
			remoteGlobalIDString = D592464D1C117A55007F94C7;
			remoteInfo = Rswift;
		};
/* End PBXContainerItemProxy section */

/* Begin PBXFileReference section */
		806E69921C42BD9C00DE3A8B /* Rswift.framework */ = {isa = PBXFileReference; explicitFileType = wrapper.framework; includeInIndex = 0; path = Rswift.framework; sourceTree = BUILT_PRODUCTS_DIR; };
		806E699B1C42BD9C00DE3A8B /* RswiftTests-tvOS.xctest */ = {isa = PBXFileReference; explicitFileType = wrapper.cfbundle; includeInIndex = 0; path = "RswiftTests-tvOS.xctest"; sourceTree = BUILT_PRODUCTS_DIR; };
		C391D8151CE7C2B500B2C2FD /* ColorResource+UIKit.swift */ = {isa = PBXFileReference; fileEncoding = 4; lastKnownFileType = sourcecode.swift; name = "ColorResource+UIKit.swift"; path = "iOS/UIKit/ColorResource+UIKit.swift"; sourceTree = "<group>"; };
		C391D8161CE7C2B500B2C2FD /* NibResource+UIKit.swift */ = {isa = PBXFileReference; fileEncoding = 4; lastKnownFileType = sourcecode.swift; name = "NibResource+UIKit.swift"; path = "iOS/UIKit/NibResource+UIKit.swift"; sourceTree = "<group>"; };
		C391D8171CE7C2B500B2C2FD /* StoryboardResourceWithInitialController+UIKit.swift */ = {isa = PBXFileReference; fileEncoding = 4; lastKnownFileType = sourcecode.swift; name = "StoryboardResourceWithInitialController+UIKit.swift"; path = "iOS/UIKit/StoryboardResourceWithInitialController+UIKit.swift"; sourceTree = "<group>"; };
		C391D8181CE7C2B500B2C2FD /* TypedStoryboardSegueInfo+UIStoryboardSegue.swift */ = {isa = PBXFileReference; fileEncoding = 4; lastKnownFileType = sourcecode.swift; name = "TypedStoryboardSegueInfo+UIStoryboardSegue.swift"; path = "iOS/UIKit/TypedStoryboardSegueInfo+UIStoryboardSegue.swift"; sourceTree = "<group>"; };
		C391D8191CE7C2B500B2C2FD /* UICollectionView+ReuseIdentifierProtocol.swift */ = {isa = PBXFileReference; fileEncoding = 4; lastKnownFileType = sourcecode.swift; name = "UICollectionView+ReuseIdentifierProtocol.swift"; path = "iOS/UIKit/UICollectionView+ReuseIdentifierProtocol.swift"; sourceTree = "<group>"; };
		C391D81A1CE7C2B500B2C2FD /* UIFont+FontResource.swift */ = {isa = PBXFileReference; fileEncoding = 4; lastKnownFileType = sourcecode.swift; name = "UIFont+FontResource.swift"; path = "iOS/UIKit/UIFont+FontResource.swift"; sourceTree = "<group>"; };
		C391D81B1CE7C2B500B2C2FD /* UIImage+ImageResource.swift */ = {isa = PBXFileReference; fileEncoding = 4; lastKnownFileType = sourcecode.swift; name = "UIImage+ImageResource.swift"; path = "iOS/UIKit/UIImage+ImageResource.swift"; sourceTree = "<group>"; };
		C391D81C1CE7C2B500B2C2FD /* UINib+NibResource.swift */ = {isa = PBXFileReference; fileEncoding = 4; lastKnownFileType = sourcecode.swift; name = "UINib+NibResource.swift"; path = "iOS/UIKit/UINib+NibResource.swift"; sourceTree = "<group>"; };
		C391D81D1CE7C2B500B2C2FD /* UIStoryboard+StoryboardResource.swift */ = {isa = PBXFileReference; fileEncoding = 4; lastKnownFileType = sourcecode.swift; name = "UIStoryboard+StoryboardResource.swift"; path = "iOS/UIKit/UIStoryboard+StoryboardResource.swift"; sourceTree = "<group>"; };
		C391D81E1CE7C2B500B2C2FD /* UIStoryboard+StoryboardViewControllerResource.swift */ = {isa = PBXFileReference; fileEncoding = 4; lastKnownFileType = sourcecode.swift; name = "UIStoryboard+StoryboardViewControllerResource.swift"; path = "iOS/UIKit/UIStoryboard+StoryboardViewControllerResource.swift"; sourceTree = "<group>"; };
		C391D81F1CE7C2B500B2C2FD /* UITableView+ReuseIdentifierProtocol.swift */ = {isa = PBXFileReference; fileEncoding = 4; lastKnownFileType = sourcecode.swift; name = "UITableView+ReuseIdentifierProtocol.swift"; path = "iOS/UIKit/UITableView+ReuseIdentifierProtocol.swift"; sourceTree = "<group>"; };
		C391D8201CE7C2B500B2C2FD /* UIViewController+NibResource.swift */ = {isa = PBXFileReference; fileEncoding = 4; lastKnownFileType = sourcecode.swift; name = "UIViewController+NibResource.swift"; path = "iOS/UIKit/UIViewController+NibResource.swift"; sourceTree = "<group>"; };
		C391D8211CE7C2B500B2C2FD /* UIViewController+StoryboardSegueIdentifierProtocol.swift */ = {isa = PBXFileReference; fileEncoding = 4; lastKnownFileType = sourcecode.swift; name = "UIViewController+StoryboardSegueIdentifierProtocol.swift"; path = "iOS/UIKit/UIViewController+StoryboardSegueIdentifierProtocol.swift"; sourceTree = "<group>"; };
		C391D83D1CE7C2DF00B2C2FD /* UIImage-watchOS+ImageResource.swift */ = {isa = PBXFileReference; fileEncoding = 4; lastKnownFileType = sourcecode.swift; name = "UIImage-watchOS+ImageResource.swift"; path = "watchOS/UIKit/UIImage-watchOS+ImageResource.swift"; sourceTree = "<group>"; };
		C391D8401CE7C32200B2C2FD /* ColorResource.swift */ = {isa = PBXFileReference; fileEncoding = 4; lastKnownFileType = sourcecode.swift; name = ColorResource.swift; path = shared/Core/ColorResource.swift; sourceTree = "<group>"; };
		C391D8411CE7C32200B2C2FD /* FileResource.swift */ = {isa = PBXFileReference; fileEncoding = 4; lastKnownFileType = sourcecode.swift; name = FileResource.swift; path = shared/Core/FileResource.swift; sourceTree = "<group>"; };
		C391D8421CE7C32200B2C2FD /* FontResource.swift */ = {isa = PBXFileReference; fileEncoding = 4; lastKnownFileType = sourcecode.swift; name = FontResource.swift; path = shared/Core/FontResource.swift; sourceTree = "<group>"; };
		C391D8431CE7C32200B2C2FD /* Identifier.swift */ = {isa = PBXFileReference; fileEncoding = 4; lastKnownFileType = sourcecode.swift; name = Identifier.swift; path = shared/Core/Identifier.swift; sourceTree = "<group>"; };
		C391D8441CE7C32200B2C2FD /* ImageResource.swift */ = {isa = PBXFileReference; fileEncoding = 4; lastKnownFileType = sourcecode.swift; name = ImageResource.swift; path = shared/Core/ImageResource.swift; sourceTree = "<group>"; };
		C391D8451CE7C32200B2C2FD /* NibResource.swift */ = {isa = PBXFileReference; fileEncoding = 4; lastKnownFileType = sourcecode.swift; name = NibResource.swift; path = shared/Core/NibResource.swift; sourceTree = "<group>"; };
		C391D8461CE7C32200B2C2FD /* ReuseIdentifierProtocol.swift */ = {isa = PBXFileReference; fileEncoding = 4; lastKnownFileType = sourcecode.swift; name = ReuseIdentifierProtocol.swift; path = shared/Core/ReuseIdentifierProtocol.swift; sourceTree = "<group>"; };
		C391D8471CE7C32200B2C2FD /* StoryboardResource.swift */ = {isa = PBXFileReference; fileEncoding = 4; lastKnownFileType = sourcecode.swift; name = StoryboardResource.swift; path = shared/Core/StoryboardResource.swift; sourceTree = "<group>"; };
		C391D8481CE7C32200B2C2FD /* StoryboardSegueIdentifierProtocol.swift */ = {isa = PBXFileReference; fileEncoding = 4; lastKnownFileType = sourcecode.swift; name = StoryboardSegueIdentifierProtocol.swift; path = shared/Core/StoryboardSegueIdentifierProtocol.swift; sourceTree = "<group>"; };
		C391D8491CE7C32200B2C2FD /* StoryboardViewControllerResource.swift */ = {isa = PBXFileReference; fileEncoding = 4; lastKnownFileType = sourcecode.swift; name = StoryboardViewControllerResource.swift; path = shared/Core/StoryboardViewControllerResource.swift; sourceTree = "<group>"; };
		C391D84A1CE7C32200B2C2FD /* StringResource.swift */ = {isa = PBXFileReference; fileEncoding = 4; lastKnownFileType = sourcecode.swift; name = StringResource.swift; path = shared/Core/StringResource.swift; sourceTree = "<group>"; };
		C391D84B1CE7C32200B2C2FD /* Validatable.swift */ = {isa = PBXFileReference; fileEncoding = 4; lastKnownFileType = sourcecode.swift; name = Validatable.swift; path = shared/Core/Validatable.swift; sourceTree = "<group>"; };
		C391D8711CE7C33300B2C2FD /* NSBundle+FileResource.swift */ = {isa = PBXFileReference; fileEncoding = 4; lastKnownFileType = sourcecode.swift; name = "NSBundle+FileResource.swift"; path = "shared/Foundation/NSBundle+FileResource.swift"; sourceTree = "<group>"; };
		C391D8721CE7C33300B2C2FD /* NSData+FileResource.swift */ = {isa = PBXFileReference; fileEncoding = 4; lastKnownFileType = sourcecode.swift; name = "NSData+FileResource.swift"; path = "shared/Foundation/NSData+FileResource.swift"; sourceTree = "<group>"; };
		C3E497EC1CE7AACB00F63E47 /* Rswift-tvOS copy-Info.plist */ = {isa = PBXFileReference; lastKnownFileType = text.plist.xml; name = "Rswift-tvOS copy-Info.plist"; path = "/Users/tomas/Developer/R.swift/R.swift.Library/Rswift-tvOS copy-Info.plist"; sourceTree = "<absolute>"; };
		C3E497F21CE7AB1000F63E47 /* Rswift.framework */ = {isa = PBXFileReference; explicitFileType = wrapper.framework; includeInIndex = 0; path = Rswift.framework; sourceTree = BUILT_PRODUCTS_DIR; };
		C3E497F41CE7AB1000F63E47 /* rswift.library.h */ = {isa = PBXFileReference; lastKnownFileType = sourcecode.c.h; path = rswift.library.h; sourceTree = "<group>"; };
		C3E497F61CE7AB1000F63E47 /* Info.plist */ = {isa = PBXFileReference; lastKnownFileType = text.plist.xml; path = Info.plist; sourceTree = "<group>"; };
		D592464E1C117A55007F94C7 /* Rswift.framework */ = {isa = PBXFileReference; explicitFileType = wrapper.framework; includeInIndex = 0; path = Rswift.framework; sourceTree = BUILT_PRODUCTS_DIR; };
		D59246511C117A55007F94C7 /* Rswift.h */ = {isa = PBXFileReference; lastKnownFileType = sourcecode.c.h; path = Rswift.h; sourceTree = "<group>"; };
		D59246531C117A55007F94C7 /* Info.plist */ = {isa = PBXFileReference; lastKnownFileType = text.plist.xml; path = Info.plist; sourceTree = "<group>"; };
		D59246581C117A55007F94C7 /* RswiftTests-iOS.xctest */ = {isa = PBXFileReference; explicitFileType = wrapper.cfbundle; includeInIndex = 0; path = "RswiftTests-iOS.xctest"; sourceTree = BUILT_PRODUCTS_DIR; };
		D592465D1C117A55007F94C7 /* RswiftTests.swift */ = {isa = PBXFileReference; lastKnownFileType = sourcecode.swift; path = RswiftTests.swift; sourceTree = "<group>"; };
		D592465F1C117A55007F94C7 /* Info.plist */ = {isa = PBXFileReference; lastKnownFileType = text.plist.xml; path = Info.plist; sourceTree = "<group>"; };
/* End PBXFileReference section */

/* Begin PBXFrameworksBuildPhase section */
		806E698E1C42BD9C00DE3A8B /* Frameworks */ = {
			isa = PBXFrameworksBuildPhase;
			buildActionMask = 2147483647;
			files = (
			);
			runOnlyForDeploymentPostprocessing = 0;
		};
		806E69981C42BD9C00DE3A8B /* Frameworks */ = {
			isa = PBXFrameworksBuildPhase;
			buildActionMask = 2147483647;
			files = (
				806E699C1C42BD9C00DE3A8B /* Rswift.framework in Frameworks */,
			);
			runOnlyForDeploymentPostprocessing = 0;
		};
		C3E497EE1CE7AB1000F63E47 /* Frameworks */ = {
			isa = PBXFrameworksBuildPhase;
			buildActionMask = 2147483647;
			files = (
			);
			runOnlyForDeploymentPostprocessing = 0;
		};
		D592464A1C117A55007F94C7 /* Frameworks */ = {
			isa = PBXFrameworksBuildPhase;
			buildActionMask = 2147483647;
			files = (
			);
			runOnlyForDeploymentPostprocessing = 0;
		};
		D59246551C117A55007F94C7 /* Frameworks */ = {
			isa = PBXFrameworksBuildPhase;
			buildActionMask = 2147483647;
			files = (
				D59246591C117A55007F94C7 /* Rswift.framework in Frameworks */,
			);
			runOnlyForDeploymentPostprocessing = 0;
		};
/* End PBXFrameworksBuildPhase section */

/* Begin PBXGroup section */
		C391D8111CE7C23400B2C2FD /* shared */ = {
			isa = PBXGroup;
			children = (
				C391D8701CE7C32B00B2C2FD /* Foundation */,
				C391D83F1CE7C31200B2C2FD /* Core */,
			);
			name = shared;
			sourceTree = "<group>";
		};
		C391D8121CE7C23F00B2C2FD /* iOS */ = {
			isa = PBXGroup;
			children = (
				C391D8141CE7C2A700B2C2FD /* UIKit */,
			);
			name = iOS;
			sourceTree = "<group>";
		};
		C391D8131CE7C24300B2C2FD /* watchOS */ = {
			isa = PBXGroup;
			children = (
				C391D83C1CE7C2CA00B2C2FD /* UIKIt */,
			);
			name = watchOS;
			sourceTree = "<group>";
		};
		C391D8141CE7C2A700B2C2FD /* UIKit */ = {
			isa = PBXGroup;
			children = (
				C391D8151CE7C2B500B2C2FD /* ColorResource+UIKit.swift */,
				C391D8161CE7C2B500B2C2FD /* NibResource+UIKit.swift */,
				C391D8171CE7C2B500B2C2FD /* StoryboardResourceWithInitialController+UIKit.swift */,
				C391D8181CE7C2B500B2C2FD /* TypedStoryboardSegueInfo+UIStoryboardSegue.swift */,
				C391D8191CE7C2B500B2C2FD /* UICollectionView+ReuseIdentifierProtocol.swift */,
				C391D81A1CE7C2B500B2C2FD /* UIFont+FontResource.swift */,
				C391D81B1CE7C2B500B2C2FD /* UIImage+ImageResource.swift */,
				C391D81C1CE7C2B500B2C2FD /* UINib+NibResource.swift */,
				C391D81D1CE7C2B500B2C2FD /* UIStoryboard+StoryboardResource.swift */,
				C391D81E1CE7C2B500B2C2FD /* UIStoryboard+StoryboardViewControllerResource.swift */,
				C391D81F1CE7C2B500B2C2FD /* UITableView+ReuseIdentifierProtocol.swift */,
				C391D8201CE7C2B500B2C2FD /* UIViewController+NibResource.swift */,
				C391D8211CE7C2B500B2C2FD /* UIViewController+StoryboardSegueIdentifierProtocol.swift */,
			);
			name = UIKit;
			sourceTree = "<group>";
		};
		C391D83C1CE7C2CA00B2C2FD /* UIKIt */ = {
			isa = PBXGroup;
			children = (
				C391D83D1CE7C2DF00B2C2FD /* UIImage-watchOS+ImageResource.swift */,
			);
			name = UIKIt;
			sourceTree = "<group>";
		};
		C391D83F1CE7C31200B2C2FD /* Core */ = {
			isa = PBXGroup;
			children = (
				C391D8401CE7C32200B2C2FD /* ColorResource.swift */,
				C391D8411CE7C32200B2C2FD /* FileResource.swift */,
				C391D8421CE7C32200B2C2FD /* FontResource.swift */,
				C391D8431CE7C32200B2C2FD /* Identifier.swift */,
				C391D8441CE7C32200B2C2FD /* ImageResource.swift */,
				C391D8451CE7C32200B2C2FD /* NibResource.swift */,
				C391D8461CE7C32200B2C2FD /* ReuseIdentifierProtocol.swift */,
				C391D8471CE7C32200B2C2FD /* StoryboardResource.swift */,
				C391D8481CE7C32200B2C2FD /* StoryboardSegueIdentifierProtocol.swift */,
				C391D8491CE7C32200B2C2FD /* StoryboardViewControllerResource.swift */,
				C391D84A1CE7C32200B2C2FD /* StringResource.swift */,
				C391D84B1CE7C32200B2C2FD /* Validatable.swift */,
			);
			name = Core;
			sourceTree = "<group>";
		};
		C391D8701CE7C32B00B2C2FD /* Foundation */ = {
			isa = PBXGroup;
			children = (
				C391D8711CE7C33300B2C2FD /* NSBundle+FileResource.swift */,
				C391D8721CE7C33300B2C2FD /* NSData+FileResource.swift */,
			);
			name = Foundation;
			sourceTree = "<group>";
		};
		C3E497F31CE7AB1000F63E47 /* rswift.library */ = {
			isa = PBXGroup;
			children = (
				C3E497F41CE7AB1000F63E47 /* rswift.library.h */,
				C3E497F61CE7AB1000F63E47 /* Info.plist */,
			);
			path = rswift.library;
			sourceTree = "<group>";
		};
		D59246441C117A54007F94C7 = {
			isa = PBXGroup;
			children = (
				D59246501C117A55007F94C7 /* Library */,
				D592465C1C117A55007F94C7 /* LibraryTests */,
				C3E497F31CE7AB1000F63E47 /* rswift.library */,
				D592464F1C117A55007F94C7 /* Products */,
				C3E497EC1CE7AACB00F63E47 /* Rswift-tvOS copy-Info.plist */,
			);
			indentWidth = 2;
			sourceTree = "<group>";
			tabWidth = 2;
			usesTabs = 0;
		};
		D592464F1C117A55007F94C7 /* Products */ = {
			isa = PBXGroup;
			children = (
				D592464E1C117A55007F94C7 /* Rswift.framework */,
				D59246581C117A55007F94C7 /* RswiftTests-iOS.xctest */,
				806E69921C42BD9C00DE3A8B /* Rswift.framework */,
				806E699B1C42BD9C00DE3A8B /* RswiftTests-tvOS.xctest */,
				C3E497F21CE7AB1000F63E47 /* Rswift.framework */,
			);
			name = Products;
			sourceTree = "<group>";
		};
		D59246501C117A55007F94C7 /* Library */ = {
			isa = PBXGroup;
			children = (
				C391D8131CE7C24300B2C2FD /* watchOS */,
				C391D8121CE7C23F00B2C2FD /* iOS */,
				C391D8111CE7C23400B2C2FD /* shared */,
				D59246511C117A55007F94C7 /* Rswift.h */,
				D59246531C117A55007F94C7 /* Info.plist */,
			);
			path = Library;
			sourceTree = "<group>";
		};
		D592465C1C117A55007F94C7 /* LibraryTests */ = {
			isa = PBXGroup;
			children = (
				D592465D1C117A55007F94C7 /* RswiftTests.swift */,
				D592465F1C117A55007F94C7 /* Info.plist */,
			);
			path = LibraryTests;
			sourceTree = "<group>";
		};
/* End PBXGroup section */

/* Begin PBXHeadersBuildPhase section */
		806E698F1C42BD9C00DE3A8B /* Headers */ = {
			isa = PBXHeadersBuildPhase;
			buildActionMask = 2147483647;
			files = (
				D5728B341C4D542300E38168 /* Rswift.h in Headers */,
			);
			runOnlyForDeploymentPostprocessing = 0;
		};
		C3E497EF1CE7AB1000F63E47 /* Headers */ = {
			isa = PBXHeadersBuildPhase;
			buildActionMask = 2147483647;
			files = (
				C3E497F51CE7AB1000F63E47 /* rswift.library.h in Headers */,
			);
			runOnlyForDeploymentPostprocessing = 0;
		};
		D592464B1C117A55007F94C7 /* Headers */ = {
			isa = PBXHeadersBuildPhase;
			buildActionMask = 2147483647;
			files = (
				D59246521C117A55007F94C7 /* Rswift.h in Headers */,
			);
			runOnlyForDeploymentPostprocessing = 0;
		};
/* End PBXHeadersBuildPhase section */

/* Begin PBXNativeTarget section */
		806E69911C42BD9C00DE3A8B /* Rswift-tvOS */ = {
			isa = PBXNativeTarget;
			buildConfigurationList = 806E69A31C42BD9C00DE3A8B /* Build configuration list for PBXNativeTarget "Rswift-tvOS" */;
			buildPhases = (
				806E698D1C42BD9C00DE3A8B /* Sources */,
				806E698E1C42BD9C00DE3A8B /* Frameworks */,
				806E698F1C42BD9C00DE3A8B /* Headers */,
				806E69901C42BD9C00DE3A8B /* Resources */,
			);
			buildRules = (
			);
			dependencies = (
			);
			name = "Rswift-tvOS";
			productName = "Rswift-tvOS";
			productReference = 806E69921C42BD9C00DE3A8B /* Rswift.framework */;
			productType = "com.apple.product-type.framework";
		};
		806E699A1C42BD9C00DE3A8B /* RswiftTests-tvOS */ = {
			isa = PBXNativeTarget;
			buildConfigurationList = 806E69A61C42BD9C00DE3A8B /* Build configuration list for PBXNativeTarget "RswiftTests-tvOS" */;
			buildPhases = (
				806E69971C42BD9C00DE3A8B /* Sources */,
				806E69981C42BD9C00DE3A8B /* Frameworks */,
				806E69991C42BD9C00DE3A8B /* Resources */,
			);
			buildRules = (
			);
			dependencies = (
				806E699E1C42BD9C00DE3A8B /* PBXTargetDependency */,
			);
			name = "RswiftTests-tvOS";
			productName = "Rswift-tvOSTests";
			productReference = 806E699B1C42BD9C00DE3A8B /* RswiftTests-tvOS.xctest */;
			productType = "com.apple.product-type.bundle.unit-test";
		};
		C3E497F11CE7AB1000F63E47 /* Rswift-watchOS */ = {
			isa = PBXNativeTarget;
			buildConfigurationList = C3E497F71CE7AB1000F63E47 /* Build configuration list for PBXNativeTarget "Rswift-watchOS" */;
			buildPhases = (
				C3E497ED1CE7AB1000F63E47 /* Sources */,
				C3E497EE1CE7AB1000F63E47 /* Frameworks */,
				C3E497EF1CE7AB1000F63E47 /* Headers */,
				C3E497F01CE7AB1000F63E47 /* Resources */,
			);
			buildRules = (
			);
			dependencies = (
			);
			name = "Rswift-watchOS";
			productName = rswift.library;
			productReference = C3E497F21CE7AB1000F63E47 /* Rswift.framework */;
			productType = "com.apple.product-type.framework";
		};
		D592464D1C117A55007F94C7 /* Rswift-iOS */ = {
			isa = PBXNativeTarget;
			buildConfigurationList = D59246621C117A55007F94C7 /* Build configuration list for PBXNativeTarget "Rswift-iOS" */;
			buildPhases = (
				D59246491C117A55007F94C7 /* Sources */,
				D592464A1C117A55007F94C7 /* Frameworks */,
				D592464B1C117A55007F94C7 /* Headers */,
				D592464C1C117A55007F94C7 /* Resources */,
			);
			buildRules = (
			);
			dependencies = (
			);
			name = "Rswift-iOS";
			productName = Rswift;
			productReference = D592464E1C117A55007F94C7 /* Rswift.framework */;
			productType = "com.apple.product-type.framework";
		};
		D59246571C117A55007F94C7 /* RswiftTests-iOS */ = {
			isa = PBXNativeTarget;
			buildConfigurationList = D59246651C117A55007F94C7 /* Build configuration list for PBXNativeTarget "RswiftTests-iOS" */;
			buildPhases = (
				D59246541C117A55007F94C7 /* Sources */,
				D59246551C117A55007F94C7 /* Frameworks */,
				D59246561C117A55007F94C7 /* Resources */,
			);
			buildRules = (
			);
			dependencies = (
				D592465B1C117A55007F94C7 /* PBXTargetDependency */,
			);
			name = "RswiftTests-iOS";
			productName = RswiftTests;
			productReference = D59246581C117A55007F94C7 /* RswiftTests-iOS.xctest */;
			productType = "com.apple.product-type.bundle.unit-test";
		};
/* End PBXNativeTarget section */

/* Begin PBXProject section */
		D59246451C117A54007F94C7 /* Project object */ = {
			isa = PBXProject;
			attributes = {
				LastSwiftUpdateCheck = 0730;
				LastUpgradeCheck = 0710;
				ORGANIZATIONNAME = "Mathijs Kadijk";
				TargetAttributes = {
					806E69911C42BD9C00DE3A8B = {
						CreatedOnToolsVersion = 7.2;
						LastSwiftMigration = 0800;
					};
					806E699A1C42BD9C00DE3A8B = {
						CreatedOnToolsVersion = 7.2;
						LastSwiftMigration = 0800;
					};
					C3E497F11CE7AB1000F63E47 = {
						CreatedOnToolsVersion = 7.3.1;
					};
					D592464D1C117A55007F94C7 = {
						CreatedOnToolsVersion = 7.1.1;
						LastSwiftMigration = 0800;
					};
					D59246571C117A55007F94C7 = {
						CreatedOnToolsVersion = 7.1.1;
						LastSwiftMigration = 0800;
					};
				};
			};
			buildConfigurationList = D59246481C117A54007F94C7 /* Build configuration list for PBXProject "R.swift.Library" */;
			compatibilityVersion = "Xcode 3.2";
			developmentRegion = English;
			hasScannedForEncodings = 0;
			knownRegions = (
				en,
			);
			mainGroup = D59246441C117A54007F94C7;
			productRefGroup = D592464F1C117A55007F94C7 /* Products */;
			projectDirPath = "";
			projectRoot = "";
			targets = (
				D592464D1C117A55007F94C7 /* Rswift-iOS */,
				D59246571C117A55007F94C7 /* RswiftTests-iOS */,
				806E69911C42BD9C00DE3A8B /* Rswift-tvOS */,
				806E699A1C42BD9C00DE3A8B /* RswiftTests-tvOS */,
				C3E497F11CE7AB1000F63E47 /* Rswift-watchOS */,
			);
		};
/* End PBXProject section */

/* Begin PBXResourcesBuildPhase section */
		806E69901C42BD9C00DE3A8B /* Resources */ = {
			isa = PBXResourcesBuildPhase;
			buildActionMask = 2147483647;
			files = (
			);
			runOnlyForDeploymentPostprocessing = 0;
		};
		806E69991C42BD9C00DE3A8B /* Resources */ = {
			isa = PBXResourcesBuildPhase;
			buildActionMask = 2147483647;
			files = (
			);
			runOnlyForDeploymentPostprocessing = 0;
		};
		C3E497F01CE7AB1000F63E47 /* Resources */ = {
			isa = PBXResourcesBuildPhase;
			buildActionMask = 2147483647;
			files = (
			);
			runOnlyForDeploymentPostprocessing = 0;
		};
		D592464C1C117A55007F94C7 /* Resources */ = {
			isa = PBXResourcesBuildPhase;
			buildActionMask = 2147483647;
			files = (
			);
			runOnlyForDeploymentPostprocessing = 0;
		};
		D59246561C117A55007F94C7 /* Resources */ = {
			isa = PBXResourcesBuildPhase;
			buildActionMask = 2147483647;
			files = (
			);
			runOnlyForDeploymentPostprocessing = 0;
		};
/* End PBXResourcesBuildPhase section */

/* Begin PBXSourcesBuildPhase section */
		806E698D1C42BD9C00DE3A8B /* Sources */ = {
			isa = PBXSourcesBuildPhase;
			buildActionMask = 2147483647;
			files = (
				C391D8741CE7C33300B2C2FD /* NSBundle+FileResource.swift in Sources */,
				C391D8391CE7C2BF00B2C2FD /* UITableView+ReuseIdentifierProtocol.swift in Sources */,
				C391D8311CE7C2BF00B2C2FD /* StoryboardResourceWithInitialController+UIKit.swift in Sources */,
				C391D83A1CE7C2BF00B2C2FD /* UIViewController+NibResource.swift in Sources */,
				C391D84D1CE7C32200B2C2FD /* ColorResource.swift in Sources */,
				C391D83B1CE7C2BF00B2C2FD /* UIViewController+StoryboardSegueIdentifierProtocol.swift in Sources */,
				C391D86E1CE7C32200B2C2FD /* Validatable.swift in Sources */,
				C391D85F1CE7C32200B2C2FD /* ReuseIdentifierProtocol.swift in Sources */,
				C391D86B1CE7C32200B2C2FD /* StringResource.swift in Sources */,
				C391D8341CE7C2BF00B2C2FD /* UIFont+FontResource.swift in Sources */,
				C391D8651CE7C32200B2C2FD /* StoryboardSegueIdentifierProtocol.swift in Sources */,
				C391D8771CE7C33300B2C2FD /* NSData+FileResource.swift in Sources */,
				C391D8331CE7C2BF00B2C2FD /* UICollectionView+ReuseIdentifierProtocol.swift in Sources */,
				C391D8301CE7C2BF00B2C2FD /* NibResource+UIKit.swift in Sources */,
				C391D8501CE7C32200B2C2FD /* FileResource.swift in Sources */,
				C391D8381CE7C2BF00B2C2FD /* UIStoryboard+StoryboardViewControllerResource.swift in Sources */,
				C391D8321CE7C2BF00B2C2FD /* TypedStoryboardSegueInfo+UIStoryboardSegue.swift in Sources */,
				C391D8371CE7C2BF00B2C2FD /* UIStoryboard+StoryboardResource.swift in Sources */,
				C391D8531CE7C32200B2C2FD /* FontResource.swift in Sources */,
				C391D8591CE7C32200B2C2FD /* ImageResource.swift in Sources */,
				C391D8361CE7C2BF00B2C2FD /* UINib+NibResource.swift in Sources */,
				C391D8621CE7C32200B2C2FD /* StoryboardResource.swift in Sources */,
				C391D8561CE7C32200B2C2FD /* Identifier.swift in Sources */,
				C391D85C1CE7C32200B2C2FD /* NibResource.swift in Sources */,
				C391D8351CE7C2BF00B2C2FD /* UIImage+ImageResource.swift in Sources */,
				C391D82F1CE7C2BF00B2C2FD /* ColorResource+UIKit.swift in Sources */,
				C391D8681CE7C32200B2C2FD /* StoryboardViewControllerResource.swift in Sources */,
			);
			runOnlyForDeploymentPostprocessing = 0;
		};
		806E69971C42BD9C00DE3A8B /* Sources */ = {
			isa = PBXSourcesBuildPhase;
			buildActionMask = 2147483647;
			files = (
				806E69BC1C42BDE300DE3A8B /* RswiftTests.swift in Sources */,
			);
			runOnlyForDeploymentPostprocessing = 0;
		};
		C3E497ED1CE7AB1000F63E47 /* Sources */ = {
			isa = PBXSourcesBuildPhase;
			buildActionMask = 2147483647;
			files = (
				C391D8751CE7C33300B2C2FD /* NSBundle+FileResource.swift in Sources */,
				C391D84E1CE7C32200B2C2FD /* ColorResource.swift in Sources */,
				C391D86F1CE7C32200B2C2FD /* Validatable.swift in Sources */,
				C391D8541CE7C32200B2C2FD /* FontResource.swift in Sources */,
				C391D8571CE7C32200B2C2FD /* Identifier.swift in Sources */,
				C391D86C1CE7C32200B2C2FD /* StringResource.swift in Sources */,
				C391D8661CE7C32200B2C2FD /* StoryboardSegueIdentifierProtocol.swift in Sources */,
				C391D8511CE7C32200B2C2FD /* FileResource.swift in Sources */,
				C391D8631CE7C32200B2C2FD /* StoryboardResource.swift in Sources */,
				C391D8601CE7C32200B2C2FD /* ReuseIdentifierProtocol.swift in Sources */,
				C391D85A1CE7C32200B2C2FD /* ImageResource.swift in Sources */,
				C391D85D1CE7C32200B2C2FD /* NibResource.swift in Sources */,
				C391D8781CE7C33300B2C2FD /* NSData+FileResource.swift in Sources */,
				C391D8691CE7C32200B2C2FD /* StoryboardViewControllerResource.swift in Sources */,
			);
			runOnlyForDeploymentPostprocessing = 0;
		};
		D59246491C117A55007F94C7 /* Sources */ = {
			isa = PBXSourcesBuildPhase;
			buildActionMask = 2147483647;
			files = (
				C391D8611CE7C32200B2C2FD /* StoryboardResource.swift in Sources */,
				C391D8671CE7C32200B2C2FD /* StoryboardViewControllerResource.swift in Sources */,
				C391D8581CE7C32200B2C2FD /* ImageResource.swift in Sources */,
				C391D82C1CE7C2B500B2C2FD /* UITableView+ReuseIdentifierProtocol.swift in Sources */,
				C391D8241CE7C2B500B2C2FD /* StoryboardResourceWithInitialController+UIKit.swift in Sources */,
				C391D82D1CE7C2B500B2C2FD /* UIViewController+NibResource.swift in Sources */,
				C391D82E1CE7C2B500B2C2FD /* UIViewController+StoryboardSegueIdentifierProtocol.swift in Sources */,
				C391D8271CE7C2B500B2C2FD /* UIFont+FontResource.swift in Sources */,
				C391D84F1CE7C32200B2C2FD /* FileResource.swift in Sources */,
				C391D86D1CE7C32200B2C2FD /* Validatable.swift in Sources */,
				C391D84C1CE7C32200B2C2FD /* ColorResource.swift in Sources */,
				C391D8261CE7C2B500B2C2FD /* UICollectionView+ReuseIdentifierProtocol.swift in Sources */,
				C391D8231CE7C2B500B2C2FD /* NibResource+UIKit.swift in Sources */,
				C391D82B1CE7C2B500B2C2FD /* UIStoryboard+StoryboardViewControllerResource.swift in Sources */,
				C391D85E1CE7C32200B2C2FD /* ReuseIdentifierProtocol.swift in Sources */,
				C391D8551CE7C32200B2C2FD /* Identifier.swift in Sources */,
				C391D8251CE7C2B500B2C2FD /* TypedStoryboardSegueInfo+UIStoryboardSegue.swift in Sources */,
				C391D8521CE7C32200B2C2FD /* FontResource.swift in Sources */,
				C391D8731CE7C33300B2C2FD /* NSBundle+FileResource.swift in Sources */,
				C391D83E1CE7C2DF00B2C2FD /* UIImage-watchOS+ImageResource.swift in Sources */,
				C391D82A1CE7C2B500B2C2FD /* UIStoryboard+StoryboardResource.swift in Sources */,
				C391D8291CE7C2B500B2C2FD /* UINib+NibResource.swift in Sources */,
				C391D85B1CE7C32200B2C2FD /* NibResource.swift in Sources */,
				C391D8641CE7C32200B2C2FD /* StoryboardSegueIdentifierProtocol.swift in Sources */,
				C391D8281CE7C2B500B2C2FD /* UIImage+ImageResource.swift in Sources */,
				C391D8221CE7C2B500B2C2FD /* ColorResource+UIKit.swift in Sources */,
				C391D8761CE7C33300B2C2FD /* NSData+FileResource.swift in Sources */,
				C391D86A1CE7C32200B2C2FD /* StringResource.swift in Sources */,
			);
			runOnlyForDeploymentPostprocessing = 0;
		};
		D59246541C117A55007F94C7 /* Sources */ = {
			isa = PBXSourcesBuildPhase;
			buildActionMask = 2147483647;
			files = (
				D592465E1C117A55007F94C7 /* RswiftTests.swift in Sources */,
			);
			runOnlyForDeploymentPostprocessing = 0;
		};
/* End PBXSourcesBuildPhase section */

/* Begin PBXTargetDependency section */
		806E699E1C42BD9C00DE3A8B /* PBXTargetDependency */ = {
			isa = PBXTargetDependency;
			target = 806E69911C42BD9C00DE3A8B /* Rswift-tvOS */;
			targetProxy = 806E699D1C42BD9C00DE3A8B /* PBXContainerItemProxy */;
		};
		D592465B1C117A55007F94C7 /* PBXTargetDependency */ = {
			isa = PBXTargetDependency;
			target = D592464D1C117A55007F94C7 /* Rswift-iOS */;
			targetProxy = D592465A1C117A55007F94C7 /* PBXContainerItemProxy */;
		};
/* End PBXTargetDependency section */

/* Begin XCBuildConfiguration section */
		806E69A41C42BD9C00DE3A8B /* Debug */ = {
			isa = XCBuildConfiguration;
			buildSettings = {
				APPLICATION_EXTENSION_API_ONLY = YES;
				DEFINES_MODULE = YES;
				DYLIB_COMPATIBILITY_VERSION = 1;
				DYLIB_CURRENT_VERSION = 1;
				DYLIB_INSTALL_NAME_BASE = "@rpath";
				INFOPLIST_FILE = Library/Info.plist;
				INSTALL_PATH = "$(LOCAL_LIBRARY_DIR)/Frameworks";
				LD_RUNPATH_SEARCH_PATHS = "$(inherited) @executable_path/Frameworks @loader_path/Frameworks";
				PRODUCT_BUNDLE_IDENTIFIER = nl.mathijskadijk.rswift.library;
				PRODUCT_NAME = Rswift;
				SDKROOT = appletvos;
				SKIP_INSTALL = YES;
				SWIFT_VERSION = 2.3;
				TARGETED_DEVICE_FAMILY = 3;
				TVOS_DEPLOYMENT_TARGET = 9.0;
			};
			name = Debug;
		};
		806E69A51C42BD9C00DE3A8B /* Release */ = {
			isa = XCBuildConfiguration;
			buildSettings = {
				APPLICATION_EXTENSION_API_ONLY = YES;
				DEFINES_MODULE = YES;
				DYLIB_COMPATIBILITY_VERSION = 1;
				DYLIB_CURRENT_VERSION = 1;
				DYLIB_INSTALL_NAME_BASE = "@rpath";
				INFOPLIST_FILE = Library/Info.plist;
				INSTALL_PATH = "$(LOCAL_LIBRARY_DIR)/Frameworks";
				LD_RUNPATH_SEARCH_PATHS = "$(inherited) @executable_path/Frameworks @loader_path/Frameworks";
				PRODUCT_BUNDLE_IDENTIFIER = nl.mathijskadijk.rswift.library;
				PRODUCT_NAME = Rswift;
				SDKROOT = appletvos;
				SKIP_INSTALL = YES;
				SWIFT_VERSION = 2.3;
				TARGETED_DEVICE_FAMILY = 3;
				TVOS_DEPLOYMENT_TARGET = 9.0;
			};
			name = Release;
		};
		806E69A71C42BD9C00DE3A8B /* Debug */ = {
			isa = XCBuildConfiguration;
			buildSettings = {
				INFOPLIST_FILE = LibraryTests/Info.plist;
				LD_RUNPATH_SEARCH_PATHS = "$(inherited) @executable_path/Frameworks @loader_path/Frameworks";
				PRODUCT_BUNDLE_IDENTIFIER = nl.mathijskadijk.RswiftTests;
				PRODUCT_NAME = "$(TARGET_NAME)";
				SDKROOT = appletvos;
				SWIFT_VERSION = 2.3;
				TVOS_DEPLOYMENT_TARGET = 9.1;
			};
			name = Debug;
		};
		806E69A81C42BD9C00DE3A8B /* Release */ = {
			isa = XCBuildConfiguration;
			buildSettings = {
				INFOPLIST_FILE = LibraryTests/Info.plist;
				LD_RUNPATH_SEARCH_PATHS = "$(inherited) @executable_path/Frameworks @loader_path/Frameworks";
				PRODUCT_BUNDLE_IDENTIFIER = nl.mathijskadijk.RswiftTests;
				PRODUCT_NAME = "$(TARGET_NAME)";
				SDKROOT = appletvos;
				SWIFT_VERSION = 2.3;
				TVOS_DEPLOYMENT_TARGET = 9.1;
			};
			name = Release;
		};
		C3E497F81CE7AB1000F63E47 /* Debug */ = {
			isa = XCBuildConfiguration;
			buildSettings = {
				APPLICATION_EXTENSION_API_ONLY = YES;
				CLANG_ANALYZER_NONNULL = YES;
				CLANG_ENABLE_MODULES = YES;
				DEFINES_MODULE = YES;
				DYLIB_COMPATIBILITY_VERSION = 1;
				DYLIB_CURRENT_VERSION = 1;
				DYLIB_INSTALL_NAME_BASE = "@rpath";
				INFOPLIST_FILE = rswift.library/Info.plist;
				INSTALL_PATH = "$(LOCAL_LIBRARY_DIR)/Frameworks";
				LD_RUNPATH_SEARCH_PATHS = "$(inherited) @executable_path/Frameworks @loader_path/Frameworks";
				PRODUCT_BUNDLE_IDENTIFIER = "mathijskadijk.nl.rswift-library";
				PRODUCT_NAME = Rswift;
				SDKROOT = watchos;
				SKIP_INSTALL = YES;
				SWIFT_OPTIMIZATION_LEVEL = "-Onone";
				TARGETED_DEVICE_FAMILY = 4;
				WATCHOS_DEPLOYMENT_TARGET = 2.2;
			};
			name = Debug;
		};
		C3E497F91CE7AB1000F63E47 /* Release */ = {
			isa = XCBuildConfiguration;
			buildSettings = {
				APPLICATION_EXTENSION_API_ONLY = YES;
				CLANG_ANALYZER_NONNULL = YES;
				CLANG_ENABLE_MODULES = YES;
				DEFINES_MODULE = YES;
				DYLIB_COMPATIBILITY_VERSION = 1;
				DYLIB_CURRENT_VERSION = 1;
				DYLIB_INSTALL_NAME_BASE = "@rpath";
				INFOPLIST_FILE = rswift.library/Info.plist;
				INSTALL_PATH = "$(LOCAL_LIBRARY_DIR)/Frameworks";
				LD_RUNPATH_SEARCH_PATHS = "$(inherited) @executable_path/Frameworks @loader_path/Frameworks";
				PRODUCT_BUNDLE_IDENTIFIER = "mathijskadijk.nl.rswift-library";
				PRODUCT_NAME = Rswift;
				SDKROOT = watchos;
				SKIP_INSTALL = YES;
				TARGETED_DEVICE_FAMILY = 4;
				WATCHOS_DEPLOYMENT_TARGET = 2.2;
			};
			name = Release;
		};
		D59246601C117A55007F94C7 /* Debug */ = {
			isa = XCBuildConfiguration;
			buildSettings = {
				ALWAYS_SEARCH_USER_PATHS = NO;
				CLANG_CXX_LANGUAGE_STANDARD = "gnu++0x";
				CLANG_CXX_LIBRARY = "libc++";
				CLANG_ENABLE_MODULES = YES;
				CLANG_ENABLE_OBJC_ARC = YES;
				CLANG_WARN_BOOL_CONVERSION = YES;
				CLANG_WARN_CONSTANT_CONVERSION = YES;
				CLANG_WARN_DIRECT_OBJC_ISA_USAGE = YES_ERROR;
				CLANG_WARN_EMPTY_BODY = YES;
				CLANG_WARN_ENUM_CONVERSION = YES;
				CLANG_WARN_INT_CONVERSION = YES;
				CLANG_WARN_OBJC_ROOT_CLASS = YES_ERROR;
				CLANG_WARN_UNREACHABLE_CODE = YES;
				CLANG_WARN__DUPLICATE_METHOD_MATCH = YES;
				"CODE_SIGN_IDENTITY[sdk=iphoneos*]" = "iPhone Developer";
				COPY_PHASE_STRIP = NO;
				CURRENT_PROJECT_VERSION = 1;
				DEBUG_INFORMATION_FORMAT = dwarf;
				ENABLE_STRICT_OBJC_MSGSEND = YES;
				ENABLE_TESTABILITY = YES;
				GCC_C_LANGUAGE_STANDARD = gnu99;
				GCC_DYNAMIC_NO_PIC = NO;
				GCC_NO_COMMON_BLOCKS = YES;
				GCC_OPTIMIZATION_LEVEL = 0;
				GCC_PREPROCESSOR_DEFINITIONS = (
					"DEBUG=1",
					"$(inherited)",
				);
				GCC_WARN_64_TO_32_BIT_CONVERSION = YES;
				GCC_WARN_ABOUT_RETURN_TYPE = YES_ERROR;
				GCC_WARN_UNDECLARED_SELECTOR = YES;
				GCC_WARN_UNINITIALIZED_AUTOS = YES_AGGRESSIVE;
				GCC_WARN_UNUSED_FUNCTION = YES;
				GCC_WARN_UNUSED_VARIABLE = YES;
				IPHONEOS_DEPLOYMENT_TARGET = 8.0;
				MTL_ENABLE_DEBUG_INFO = YES;
				ONLY_ACTIVE_ARCH = YES;
				SDKROOT = iphoneos;
				SWIFT_OPTIMIZATION_LEVEL = "-Onone";
				TARGETED_DEVICE_FAMILY = "1,2";
				VERSIONING_SYSTEM = "apple-generic";
				VERSION_INFO_PREFIX = "";
			};
			name = Debug;
		};
		D59246611C117A55007F94C7 /* Release */ = {
			isa = XCBuildConfiguration;
			buildSettings = {
				ALWAYS_SEARCH_USER_PATHS = NO;
				CLANG_CXX_LANGUAGE_STANDARD = "gnu++0x";
				CLANG_CXX_LIBRARY = "libc++";
				CLANG_ENABLE_MODULES = YES;
				CLANG_ENABLE_OBJC_ARC = YES;
				CLANG_WARN_BOOL_CONVERSION = YES;
				CLANG_WARN_CONSTANT_CONVERSION = YES;
				CLANG_WARN_DIRECT_OBJC_ISA_USAGE = YES_ERROR;
				CLANG_WARN_EMPTY_BODY = YES;
				CLANG_WARN_ENUM_CONVERSION = YES;
				CLANG_WARN_INT_CONVERSION = YES;
				CLANG_WARN_OBJC_ROOT_CLASS = YES_ERROR;
				CLANG_WARN_UNREACHABLE_CODE = YES;
				CLANG_WARN__DUPLICATE_METHOD_MATCH = YES;
				"CODE_SIGN_IDENTITY[sdk=iphoneos*]" = "iPhone Developer";
				COPY_PHASE_STRIP = NO;
				CURRENT_PROJECT_VERSION = 1;
				DEBUG_INFORMATION_FORMAT = "dwarf-with-dsym";
				ENABLE_NS_ASSERTIONS = NO;
				ENABLE_STRICT_OBJC_MSGSEND = YES;
				GCC_C_LANGUAGE_STANDARD = gnu99;
				GCC_NO_COMMON_BLOCKS = YES;
				GCC_WARN_64_TO_32_BIT_CONVERSION = YES;
				GCC_WARN_ABOUT_RETURN_TYPE = YES_ERROR;
				GCC_WARN_UNDECLARED_SELECTOR = YES;
				GCC_WARN_UNINITIALIZED_AUTOS = YES_AGGRESSIVE;
				GCC_WARN_UNUSED_FUNCTION = YES;
				GCC_WARN_UNUSED_VARIABLE = YES;
				IPHONEOS_DEPLOYMENT_TARGET = 8.0;
				MTL_ENABLE_DEBUG_INFO = NO;
				SDKROOT = iphoneos;
				TARGETED_DEVICE_FAMILY = "1,2";
				VALIDATE_PRODUCT = YES;
				VERSIONING_SYSTEM = "apple-generic";
				VERSION_INFO_PREFIX = "";
			};
			name = Release;
		};
		D59246631C117A55007F94C7 /* Debug */ = {
			isa = XCBuildConfiguration;
			buildSettings = {
				APPLICATION_EXTENSION_API_ONLY = YES;
				CLANG_ENABLE_MODULES = YES;
				DEFINES_MODULE = YES;
				DYLIB_COMPATIBILITY_VERSION = 1;
				DYLIB_CURRENT_VERSION = 1;
				DYLIB_INSTALL_NAME_BASE = "@rpath";
				INFOPLIST_FILE = Library/Info.plist;
				INSTALL_PATH = "$(LOCAL_LIBRARY_DIR)/Frameworks";
				IPHONEOS_DEPLOYMENT_TARGET = 8.0;
				LD_RUNPATH_SEARCH_PATHS = "$(inherited) @executable_path/Frameworks @loader_path/Frameworks";
				PRODUCT_BUNDLE_IDENTIFIER = nl.mathijskadijk.rswift.library;
				PRODUCT_NAME = Rswift;
				SKIP_INSTALL = YES;
				SWIFT_OPTIMIZATION_LEVEL = "-Onone";
				SWIFT_VERSION = 2.3;
			};
			name = Debug;
		};
		D59246641C117A55007F94C7 /* Release */ = {
			isa = XCBuildConfiguration;
			buildSettings = {
				APPLICATION_EXTENSION_API_ONLY = YES;
				CLANG_ENABLE_MODULES = YES;
				DEFINES_MODULE = YES;
				DYLIB_COMPATIBILITY_VERSION = 1;
				DYLIB_CURRENT_VERSION = 1;
				DYLIB_INSTALL_NAME_BASE = "@rpath";
				INFOPLIST_FILE = Library/Info.plist;
				INSTALL_PATH = "$(LOCAL_LIBRARY_DIR)/Frameworks";
				IPHONEOS_DEPLOYMENT_TARGET = 8.0;
				LD_RUNPATH_SEARCH_PATHS = "$(inherited) @executable_path/Frameworks @loader_path/Frameworks";
				PRODUCT_BUNDLE_IDENTIFIER = nl.mathijskadijk.rswift.library;
				PRODUCT_NAME = Rswift;
				SKIP_INSTALL = YES;
				SWIFT_VERSION = 2.3;
			};
			name = Release;
		};
		D59246661C117A55007F94C7 /* Debug */ = {
			isa = XCBuildConfiguration;
			buildSettings = {
				INFOPLIST_FILE = LibraryTests/Info.plist;
				LD_RUNPATH_SEARCH_PATHS = "$(inherited) @executable_path/Frameworks @loader_path/Frameworks";
				PRODUCT_BUNDLE_IDENTIFIER = nl.mathijskadijk.RswiftTests;
				PRODUCT_NAME = "$(TARGET_NAME)";
				SWIFT_VERSION = 2.3;
			};
			name = Debug;
		};
		D59246671C117A55007F94C7 /* Release */ = {
			isa = XCBuildConfiguration;
			buildSettings = {
				INFOPLIST_FILE = LibraryTests/Info.plist;
				LD_RUNPATH_SEARCH_PATHS = "$(inherited) @executable_path/Frameworks @loader_path/Frameworks";
				PRODUCT_BUNDLE_IDENTIFIER = nl.mathijskadijk.RswiftTests;
				PRODUCT_NAME = "$(TARGET_NAME)";
				SWIFT_VERSION = 2.3;
			};
			name = Release;
		};
/* End XCBuildConfiguration section */

/* Begin XCConfigurationList section */
		806E69A31C42BD9C00DE3A8B /* Build configuration list for PBXNativeTarget "Rswift-tvOS" */ = {
			isa = XCConfigurationList;
			buildConfigurations = (
				806E69A41C42BD9C00DE3A8B /* Debug */,
				806E69A51C42BD9C00DE3A8B /* Release */,
			);
			defaultConfigurationIsVisible = 0;
			defaultConfigurationName = Release;
		};
		806E69A61C42BD9C00DE3A8B /* Build configuration list for PBXNativeTarget "RswiftTests-tvOS" */ = {
			isa = XCConfigurationList;
			buildConfigurations = (
				806E69A71C42BD9C00DE3A8B /* Debug */,
				806E69A81C42BD9C00DE3A8B /* Release */,
			);
			defaultConfigurationIsVisible = 0;
			defaultConfigurationName = Release;
		};
		C3E497F71CE7AB1000F63E47 /* Build configuration list for PBXNativeTarget "Rswift-watchOS" */ = {
			isa = XCConfigurationList;
			buildConfigurations = (
				C3E497F81CE7AB1000F63E47 /* Debug */,
				C3E497F91CE7AB1000F63E47 /* Release */,
			);
			defaultConfigurationIsVisible = 0;
			defaultConfigurationName = Release;
		};
		D59246481C117A54007F94C7 /* Build configuration list for PBXProject "R.swift.Library" */ = {
			isa = XCConfigurationList;
			buildConfigurations = (
				D59246601C117A55007F94C7 /* Debug */,
				D59246611C117A55007F94C7 /* Release */,
			);
			defaultConfigurationIsVisible = 0;
			defaultConfigurationName = Release;
		};
		D59246621C117A55007F94C7 /* Build configuration list for PBXNativeTarget "Rswift-iOS" */ = {
			isa = XCConfigurationList;
			buildConfigurations = (
				D59246631C117A55007F94C7 /* Debug */,
				D59246641C117A55007F94C7 /* Release */,
			);
			defaultConfigurationIsVisible = 0;
			defaultConfigurationName = Release;
		};
		D59246651C117A55007F94C7 /* Build configuration list for PBXNativeTarget "RswiftTests-iOS" */ = {
			isa = XCConfigurationList;
			buildConfigurations = (
				D59246661C117A55007F94C7 /* Debug */,
				D59246671C117A55007F94C7 /* Release */,
			);
			defaultConfigurationIsVisible = 0;
			defaultConfigurationName = Release;
		};
/* End XCConfigurationList section */
	};
	rootObject = D59246451C117A54007F94C7 /* Project object */;
}
